
Microsoft Visual Studio Solution File, Format Version 12.00
# Visual Studio Version 16
VisualStudioVersion = 16.0.31410.223
MinimumVisualStudioVersion = 10.0.40219.1
Project("{2150E333-8FDC-42A3-9474-1A3956D46DE8}") = "Solution Items", "Solution Items", "{C15F4CC0-D716-4E9B-9B52-DB68F938370B}"
	ProjectSection(SolutionItems) = preProject
		02-CDC\CDC_Sequence.puml = 02-CDC\CDC_Sequence.puml
		README.md = README.md
	EndProjectSection
EndProject
Project("{2150E333-8FDC-42A3-9474-1A3956D46DE8}") = "Common", "Common", "{253CE721-4195-4AA9-B9D7-C6F85AB109DE}"
EndProject
Project("{9A19103F-16F7-4668-BE54-9A1E7A4F7556}") = "EmailClient", "99-Common\EmailClient\EmailClient.csproj", "{9654ECEA-528A-4367-9285-FD20D6C0F0E8}"
EndProject
Project("{9A19103F-16F7-4668-BE54-9A1E7A4F7556}") = "Domain", "99-Common\Domain\Domain.csproj", "{BB404B61-BCD5-4959-B57F-F16BE0FD5B78}"
EndProject
Project("{9A19103F-16F7-4668-BE54-9A1E7A4F7556}") = "RequestService", "02-CDC\RequestService\RequestService.csproj", "{84BE08B5-CF0C-48DD-9CA7-ED1F4F9F71FF}"
EndProject
Project("{9A19103F-16F7-4668-BE54-9A1E7A4F7556}") = "EmailService", "02-CDC\EmailService\EmailService.csproj", "{9EB96FD1-D417-407C-A10E-F15CE11E729B}"
EndProject
Global
	GlobalSection(SolutionConfigurationPlatforms) = preSolution
		Debug|Any CPU = Debug|Any CPU
		Release|Any CPU = Release|Any CPU
	EndGlobalSection
	GlobalSection(ProjectConfigurationPlatforms) = postSolution
		{9654ECEA-528A-4367-9285-FD20D6C0F0E8}.Debug|Any CPU.ActiveCfg = Debug|Any CPU
		{9654ECEA-528A-4367-9285-FD20D6C0F0E8}.Debug|Any CPU.Build.0 = Debug|Any CPU
		{9654ECEA-528A-4367-9285-FD20D6C0F0E8}.Release|Any CPU.ActiveCfg = Release|Any CPU
		{9654ECEA-528A-4367-9285-FD20D6C0F0E8}.Release|Any CPU.Build.0 = Release|Any CPU
		{BB404B61-BCD5-4959-B57F-F16BE0FD5B78}.Debug|Any CPU.ActiveCfg = Debug|Any CPU
		{BB404B61-BCD5-4959-B57F-F16BE0FD5B78}.Debug|Any CPU.Build.0 = Debug|Any CPU
		{BB404B61-BCD5-4959-B57F-F16BE0FD5B78}.Release|Any CPU.ActiveCfg = Release|Any CPU
		{BB404B61-BCD5-4959-B57F-F16BE0FD5B78}.Release|Any CPU.Build.0 = Release|Any CPU
		{84BE08B5-CF0C-48DD-9CA7-ED1F4F9F71FF}.Debug|Any CPU.ActiveCfg = Debug|Any CPU
		{84BE08B5-CF0C-48DD-9CA7-ED1F4F9F71FF}.Debug|Any CPU.Build.0 = Debug|Any CPU
		{84BE08B5-CF0C-48DD-9CA7-ED1F4F9F71FF}.Release|Any CPU.ActiveCfg = Release|Any CPU
		{84BE08B5-CF0C-48DD-9CA7-ED1F4F9F71FF}.Release|Any CPU.Build.0 = Release|Any CPU
		{9EB96FD1-D417-407C-A10E-F15CE11E729B}.Debug|Any CPU.ActiveCfg = Debug|Any CPU
		{9EB96FD1-D417-407C-A10E-F15CE11E729B}.Debug|Any CPU.Build.0 = Debug|Any CPU
		{9EB96FD1-D417-407C-A10E-F15CE11E729B}.Release|Any CPU.ActiveCfg = Release|Any CPU
		{9EB96FD1-D417-407C-A10E-F15CE11E729B}.Release|Any CPU.Build.0 = Release|Any CPU
	EndGlobalSection
	GlobalSection(SolutionProperties) = preSolution
		HideSolutionNode = FALSE
	EndGlobalSection
	GlobalSection(NestedProjects) = preSolution
		{9654ECEA-528A-4367-9285-FD20D6C0F0E8} = {253CE721-4195-4AA9-B9D7-C6F85AB109DE}
		{BB404B61-BCD5-4959-B57F-F16BE0FD5B78} = {253CE721-4195-4AA9-B9D7-C6F85AB109DE}
	EndGlobalSection
	GlobalSection(ExtensibilityGlobals) = postSolution
		SolutionGuid = {4A2BE3EE-03D6-40EC-BAE2-DB88C9AB39BB}
	EndGlobalSection
EndGlobal
